
Microsoft Visual Studio Solution File, Format Version 12.00
# Visual Studio Version 17
VisualStudioVersion = 17.14.36429.23 d17.14
MinimumVisualStudioVersion = 10.0.40219.1
Project("{FAE04EC0-301F-11D3-BF4B-00C04F79EFBC}") = "CapaPresentacion", "SistemaEscuela\CapaPresentacion.csproj", "{D4B3DB83-3A3C-48BF-BA71-CCC3B2CF2FCA}"
EndProject
Project("{FAE04EC0-301F-11D3-BF4B-00C04F79EFBC}") = "CapaDatos", "CapaDatos\CapaDatos.csproj", "{35A0B6D5-AE6E-4FF0-905F-377849140214}"
EndProject
Project("{FAE04EC0-301F-11D3-BF4B-00C04F79EFBC}") = "CapaNegocio", "CapaNegocio\CapaNegocio.csproj", "{C0142479-A2DC-41D2-9F63-5792EEB197BE}"
EndProject
Global
	GlobalSection(SolutionConfigurationPlatforms) = preSolution
		Debug|Any CPU = Debug|Any CPU
		Release|Any CPU = Release|Any CPU
	EndGlobalSection
	GlobalSection(ProjectConfigurationPlatforms) = postSolution
		{D4B3DB83-3A3C-48BF-BA71-CCC3B2CF2FCA}.Debug|Any CPU.ActiveCfg = Debug|Any CPU
		{D4B3DB83-3A3C-48BF-BA71-CCC3B2CF2FCA}.Debug|Any CPU.Build.0 = Debug|Any CPU
		{D4B3DB83-3A3C-48BF-BA71-CCC3B2CF2FCA}.Release|Any CPU.ActiveCfg = Release|Any CPU
		{D4B3DB83-3A3C-48BF-BA71-CCC3B2CF2FCA}.Release|Any CPU.Build.0 = Release|Any CPU
		{35A0B6D5-AE6E-4FF0-905F-377849140214}.Debug|Any CPU.ActiveCfg = Debug|Any CPU
		{35A0B6D5-AE6E-4FF0-905F-377849140214}.Debug|Any CPU.Build.0 = Debug|Any CPU
		{35A0B6D5-AE6E-4FF0-905F-377849140214}.Release|Any CPU.ActiveCfg = Release|Any CPU
		{35A0B6D5-AE6E-4FF0-905F-377849140214}.Release|Any CPU.Build.0 = Release|Any CPU
		{C0142479-A2DC-41D2-9F63-5792EEB197BE}.Debug|Any CPU.ActiveCfg = Debug|Any CPU
		{C0142479-A2DC-41D2-9F63-5792EEB197BE}.Debug|Any CPU.Build.0 = Debug|Any CPU
		{C0142479-A2DC-41D2-9F63-5792EEB197BE}.Release|Any CPU.ActiveCfg = Release|Any CPU
		{C0142479-A2DC-41D2-9F63-5792EEB197BE}.Release|Any CPU.Build.0 = Release|Any CPU
	EndGlobalSection
	GlobalSection(SolutionProperties) = preSolution
		HideSolutionNode = FALSE
	EndGlobalSection
	GlobalSection(ExtensibilityGlobals) = postSolution
		SolutionGuid = {459CF11A-1C19-41F4-A018-0AAD6238B9A9}
	EndGlobalSection
EndGlobal
